
Microsoft Visual Studio Solution File, Format Version 12.00
# Visual Studio Version 17
VisualStudioVersion = 17.6.33801.468
MinimumVisualStudioVersion = 10.0.40219.1
Project("{2150E333-8FDC-42A3-9474-1A3956D46DE8}") = "src", "src", "{667B480C-D805-4A9C-AC1F-D9FCCF3DB57C}"
EndProject
Project("{2150E333-8FDC-42A3-9474-1A3956D46DE8}") = "tests", "tests", "{05645E0E-835A-4627-BDAE-C27EC39B23EE}"
EndProject
Project("{2150E333-8FDC-42A3-9474-1A3956D46DE8}") = "docs", "docs", "{3038EA53-8F37-4B35-AA50-FDFDDFF0F264}"
	ProjectSection(SolutionItems) = preProject
		developer_guide.md = developer_guide.md
		docs\README.md = docs\README.md
	EndProjectSection
EndProject
Project("{9A19103F-16F7-4668-BE54-9A1E7A4F7556}") = "CodeQLToolkit.Core", "src\CodeQLToolkit.Core\CodeQLToolkit.Core.csproj", "{FFC777F2-B98B-4132-A3B8-896C7F8CB763}"
EndProject
Project("{9A19103F-16F7-4668-BE54-9A1E7A4F7556}") = "CodeQLToolkit.Shared", "src\CodeQLToolkit.Shared\CodeQLToolkit.Shared.csproj", "{4C5C87E8-46E8-41D3-9CF9-F77148C432AF}"
EndProject
Project("{9A19103F-16F7-4668-BE54-9A1E7A4F7556}") = "CodeQLToolkit.Core.Tests", "test\CodeQLToolkit.Core.Tests\CodeQLToolkit.Core.Tests\CodeQLToolkit.Core.Tests.csproj", "{A1F78CBC-9AE9-4360-A06B-395F368B183A}"
EndProject
Project("{2150E333-8FDC-42A3-9474-1A3956D46DE8}") = "Solution Items", "Solution Items", "{D98C92EC-F983-475D-9940-56EB88BD79C8}"
	ProjectSection(SolutionItems) = preProject
		.github\workflows\pr-build-linux.yml = .github\workflows\pr-build-linux.yml
		.github\workflows\release-build.yml = .github\workflows\release-build.yml
	EndProjectSection
EndProject
Project("{FAE04EC0-301F-11D3-BF4B-00C04F79EFBC}") = "CodeQLToolkit.Features", "src\CodeQLToolkit.Features\CodeQLToolkit.Features.csproj", "{B85F1529-3321-4AD2-924A-6EA478145DC5}"
EndProject
Global
	GlobalSection(SolutionConfigurationPlatforms) = preSolution
		Debug|Any CPU = Debug|Any CPU
		Release|Any CPU = Release|Any CPU
	EndGlobalSection
	GlobalSection(ProjectConfigurationPlatforms) = postSolution
		{FFC777F2-B98B-4132-A3B8-896C7F8CB763}.Debug|Any CPU.ActiveCfg = Debug|Any CPU
		{FFC777F2-B98B-4132-A3B8-896C7F8CB763}.Debug|Any CPU.Build.0 = Debug|Any CPU
		{FFC777F2-B98B-4132-A3B8-896C7F8CB763}.Release|Any CPU.ActiveCfg = Release|Any CPU
		{FFC777F2-B98B-4132-A3B8-896C7F8CB763}.Release|Any CPU.Build.0 = Release|Any CPU
		{4C5C87E8-46E8-41D3-9CF9-F77148C432AF}.Debug|Any CPU.ActiveCfg = Debug|Any CPU
		{4C5C87E8-46E8-41D3-9CF9-F77148C432AF}.Debug|Any CPU.Build.0 = Debug|Any CPU
		{4C5C87E8-46E8-41D3-9CF9-F77148C432AF}.Release|Any CPU.ActiveCfg = Release|Any CPU
		{4C5C87E8-46E8-41D3-9CF9-F77148C432AF}.Release|Any CPU.Build.0 = Release|Any CPU
		{A1F78CBC-9AE9-4360-A06B-395F368B183A}.Debug|Any CPU.ActiveCfg = Debug|Any CPU
		{A1F78CBC-9AE9-4360-A06B-395F368B183A}.Debug|Any CPU.Build.0 = Debug|Any CPU
		{A1F78CBC-9AE9-4360-A06B-395F368B183A}.Release|Any CPU.ActiveCfg = Release|Any CPU
		{A1F78CBC-9AE9-4360-A06B-395F368B183A}.Release|Any CPU.Build.0 = Release|Any CPU
		{B85F1529-3321-4AD2-924A-6EA478145DC5}.Debug|Any CPU.ActiveCfg = Debug|Any CPU
		{B85F1529-3321-4AD2-924A-6EA478145DC5}.Debug|Any CPU.Build.0 = Debug|Any CPU
		{B85F1529-3321-4AD2-924A-6EA478145DC5}.Release|Any CPU.ActiveCfg = Release|Any CPU
		{B85F1529-3321-4AD2-924A-6EA478145DC5}.Release|Any CPU.Build.0 = Release|Any CPU
	EndGlobalSection
	GlobalSection(SolutionProperties) = preSolution
		HideSolutionNode = FALSE
	EndGlobalSection
	GlobalSection(NestedProjects) = preSolution
		{FFC777F2-B98B-4132-A3B8-896C7F8CB763} = {667B480C-D805-4A9C-AC1F-D9FCCF3DB57C}
		{4C5C87E8-46E8-41D3-9CF9-F77148C432AF} = {667B480C-D805-4A9C-AC1F-D9FCCF3DB57C}
		{A1F78CBC-9AE9-4360-A06B-395F368B183A} = {05645E0E-835A-4627-BDAE-C27EC39B23EE}
		{B85F1529-3321-4AD2-924A-6EA478145DC5} = {667B480C-D805-4A9C-AC1F-D9FCCF3DB57C}
	EndGlobalSection
	GlobalSection(ExtensibilityGlobals) = postSolution
		SolutionGuid = {BF8F3B81-F4DC-4608-A41C-F00F3E5A05CA}
	EndGlobalSection
EndGlobal
